
Microsoft Visual Studio Solution File, Format Version 12.00
# Visual Studio Version 16
VisualStudioVersion = 16.0.34729.46
MinimumVisualStudioVersion = 10.0.40219.1
Project("{FAE04EC0-301F-11D3-BF4B-00C04F79EFBC}") = "DulceTentacion", "DulceTentacion.csproj", "{832EF0D4-CBA4-48C0-B4AB-D306F40F5725}"
EndProject
Global
	GlobalSection(SolutionConfigurationPlatforms) = preSolution
		Debug|Any CPU = Debug|Any CPU
		Release|Any CPU = Release|Any CPU
	EndGlobalSection
	GlobalSection(ProjectConfigurationPlatforms) = postSolution
		{832EF0D4-CBA4-48C0-B4AB-D306F40F5725}.Debug|Any CPU.ActiveCfg = Debug|Any CPU
		{832EF0D4-CBA4-48C0-B4AB-D306F40F5725}.Debug|Any CPU.Build.0 = Debug|Any CPU
		{832EF0D4-CBA4-48C0-B4AB-D306F40F5725}.Release|Any CPU.ActiveCfg = Release|Any CPU
		{832EF0D4-CBA4-48C0-B4AB-D306F40F5725}.Release|Any CPU.Build.0 = Release|Any CPU
	EndGlobalSection
	GlobalSection(SolutionProperties) = preSolution
		HideSolutionNode = FALSE
	EndGlobalSection
	GlobalSection(ExtensibilityGlobals) = postSolution
		SolutionGuid = {3F524887-1DB6-4C3F-8036-0A311E3F9520}
	EndGlobalSection
EndGlobal
